[{<<"egl">>,
  {git,"https://github.com/erlangsters/egl-1.5.git",
       {ref,"68c47c44b596b81b069b6eec6377819f2e109f04"}},
  0},
 {<<"glfw">>,
  {git,"https://github.com/erlangsters/glfw.git",
       {ref,"57d710e6b205b399543b07ed003bc84462129dd5"}},
  0},
 {<<"rebar">>,
  {git,"https://github.com/eproxus/meck",
       {ref,"29360b25b708b2dc9d68a4f46f6a1b8b55f72518"}},
  2},
 {<<"slice">>,
  {git,"https://github.com/erlangsters/slice.git",
       {ref,"17db250749e6d184071ac513eaf5bb2275561ccc"}},
  0},
 {<<"spawn_mode">>,
  {git,"https://github.com/erlangsters/spawn-mode",
       {ref,"a77d8a222e0c8a74cdec58687aa5c08089cb93d9"}},
  1},
 {<<"worker">>,
  {git,"https://github.com/erlangsters/worker.git",
       {ref,"c9d7259b0b3046036e724be8ca99d8231968c92e"}},
  0}].
